
Microsoft Visual Studio Solution File, Format Version 12.00
Project("{FAE04EC0-301F-11D3-BF4B-00C04F79EFBC}") = "Inventory Management System", "Inventory Management System\Inventory Management System.csproj", "{A636D84E-B810-4753-8134-DFE7A2CB8251}"
EndProject
Global
	GlobalSection(SolutionConfigurationPlatforms) = preSolution
		Debug|Any CPU = Debug|Any CPU
		Release|Any CPU = Release|Any CPU
	EndGlobalSection
	GlobalSection(ProjectConfigurationPlatforms) = postSolution
		{A636D84E-B810-4753-8134-DFE7A2CB8251}.Debug|Any CPU.ActiveCfg = Debug|Any CPU
		{A636D84E-B810-4753-8134-DFE7A2CB8251}.Debug|Any CPU.Build.0 = Debug|Any CPU
		{A636D84E-B810-4753-8134-DFE7A2CB8251}.Release|Any CPU.ActiveCfg = Release|Any CPU
		{A636D84E-B810-4753-8134-DFE7A2CB8251}.Release|Any CPU.Build.0 = Release|Any CPU
	EndGlobalSection
EndGlobal
